GEM
  remote: https://rubygems.org/
  specs:
    minitest (6.0.0)
      prism (~> 1.5)
    prism (1.8.1)

PLATFORMS
  ruby
  x86_64-linux

DEPENDENCIES
  minitest

CHECKSUMS
  minitest (6.0.0) sha256=4ca597fc1d735ea18d2b4b98c5fb1d5a6da4a6f35ddf32bd5fa3eded33a453be
  prism (1.8.1) sha256=b260c1844ee0c7ead9c938f7fd63b95888c87cc054dfb64043204eccff8116ac

BUNDLED WITH
  4.0.7
